
Microsoft Visual Studio Solution File, Format Version 12.00
# Visual Studio Version 16
VisualStudioVersion = 16.0.29409.12
MinimumVisualStudioVersion = 10.0.40219.1
Project("{FAE04EC0-301F-11D3-BF4B-00C04F79EFBC}") = "TrayEXE", "TrayEXE\TrayEXE.csproj", "{B7426889-FF2D-4DC1-BA86-20E5A8DE3610}"
EndProject
Project("{FAE04EC0-301F-11D3-BF4B-00C04F79EFBC}") = "TrayUWP", "TrayUWP\TrayUWP.csproj", "{05D91D58-B963-4D20-9390-9F979A0926E8}"
EndProject
Global
	GlobalSection(SolutionConfigurationPlatforms) = preSolution
		Debug|Any CPU = Debug|Any CPU
		Debug|ARM = Debug|ARM
		Debug|ARM64 = Debug|ARM64
		Debug|x64 = Debug|x64
		Debug|x86 = Debug|x86
		Release|Any CPU = Release|Any CPU
		Release|ARM = Release|ARM
		Release|ARM64 = Release|ARM64
		Release|x64 = Release|x64
		Release|x86 = Release|x86
	EndGlobalSection
	GlobalSection(ProjectConfigurationPlatforms) = postSolution
		{B7426889-FF2D-4DC1-BA86-20E5A8DE3610}.Debug|Any CPU.ActiveCfg = Debug|Any CPU
		{B7426889-FF2D-4DC1-BA86-20E5A8DE3610}.Debug|Any CPU.Build.0 = Debug|Any CPU
		{B7426889-FF2D-4DC1-BA86-20E5A8DE3610}.Debug|ARM.ActiveCfg = Debug|Any CPU
		{B7426889-FF2D-4DC1-BA86-20E5A8DE3610}.Debug|ARM.Build.0 = Debug|Any CPU
		{B7426889-FF2D-4DC1-BA86-20E5A8DE3610}.Debug|ARM64.ActiveCfg = Debug|Any CPU
		{B7426889-FF2D-4DC1-BA86-20E5A8DE3610}.Debug|ARM64.Build.0 = Debug|Any CPU
		{B7426889-FF2D-4DC1-BA86-20E5A8DE3610}.Debug|x64.ActiveCfg = Debug|Any CPU
		{B7426889-FF2D-4DC1-BA86-20E5A8DE3610}.Debug|x64.Build.0 = Debug|Any CPU
		{B7426889-FF2D-4DC1-BA86-20E5A8DE3610}.Debug|x86.ActiveCfg = Debug|Any CPU
		{B7426889-FF2D-4DC1-BA86-20E5A8DE3610}.Debug|x86.Build.0 = Debug|Any CPU
		{B7426889-FF2D-4DC1-BA86-20E5A8DE3610}.Release|Any CPU.ActiveCfg = Release|Any CPU
		{B7426889-FF2D-4DC1-BA86-20E5A8DE3610}.Release|Any CPU.Build.0 = Release|Any CPU
		{B7426889-FF2D-4DC1-BA86-20E5A8DE3610}.Release|ARM.ActiveCfg = Release|Any CPU
		{B7426889-FF2D-4DC1-BA86-20E5A8DE3610}.Release|ARM.Build.0 = Release|Any CPU
		{B7426889-FF2D-4DC1-BA86-20E5A8DE3610}.Release|ARM64.ActiveCfg = Release|Any CPU
		{B7426889-FF2D-4DC1-BA86-20E5A8DE3610}.Release|ARM64.Build.0 = Release|Any CPU
		{B7426889-FF2D-4DC1-BA86-20E5A8DE3610}.Release|x64.ActiveCfg = Release|Any CPU
		{B7426889-FF2D-4DC1-BA86-20E5A8DE3610}.Release|x64.Build.0 = Release|Any CPU
		{B7426889-FF2D-4DC1-BA86-20E5A8DE3610}.Release|x86.ActiveCfg = Release|Any CPU
		{B7426889-FF2D-4DC1-BA86-20E5A8DE3610}.Release|x86.Build.0 = Release|Any CPU
		{05D91D58-B963-4D20-9390-9F979A0926E8}.Debug|Any CPU.ActiveCfg = Debug|x86
		{05D91D58-B963-4D20-9390-9F979A0926E8}.Debug|Any CPU.Build.0 = Debug|x86
		{05D91D58-B963-4D20-9390-9F979A0926E8}.Debug|Any CPU.Deploy.0 = Debug|x86
		{05D91D58-B963-4D20-9390-9F979A0926E8}.Debug|ARM.ActiveCfg = Debug|ARM
		{05D91D58-B963-4D20-9390-9F979A0926E8}.Debug|ARM.Build.0 = Debug|ARM
		{05D91D58-B963-4D20-9390-9F979A0926E8}.Debug|ARM.Deploy.0 = Debug|ARM
		{05D91D58-B963-4D20-9390-9F979A0926E8}.Debug|ARM64.ActiveCfg = Debug|ARM64
		{05D91D58-B963-4D20-9390-9F979A0926E8}.Debug|ARM64.Build.0 = Debug|ARM64
		{05D91D58-B963-4D20-9390-9F979A0926E8}.Debug|ARM64.Deploy.0 = Debug|ARM64
		{05D91D58-B963-4D20-9390-9F979A0926E8}.Debug|x64.ActiveCfg = Debug|x64
		{05D91D58-B963-4D20-9390-9F979A0926E8}.Debug|x64.Build.0 = Debug|x64
		{05D91D58-B963-4D20-9390-9F979A0926E8}.Debug|x64.Deploy.0 = Debug|x64
		{05D91D58-B963-4D20-9390-9F979A0926E8}.Debug|x86.ActiveCfg = Debug|x86
		{05D91D58-B963-4D20-9390-9F979A0926E8}.Debug|x86.Build.0 = Debug|x86
		{05D91D58-B963-4D20-9390-9F979A0926E8}.Debug|x86.Deploy.0 = Debug|x86
		{05D91D58-B963-4D20-9390-9F979A0926E8}.Release|Any CPU.ActiveCfg = Release|x86
		{05D91D58-B963-4D20-9390-9F979A0926E8}.Release|ARM.ActiveCfg = Release|ARM
		{05D91D58-B963-4D20-9390-9F979A0926E8}.Release|ARM.Build.0 = Release|ARM
		{05D91D58-B963-4D20-9390-9F979A0926E8}.Release|ARM.Deploy.0 = Release|ARM
		{05D91D58-B963-4D20-9390-9F979A0926E8}.Release|ARM64.ActiveCfg = Release|ARM64
		{05D91D58-B963-4D20-9390-9F979A0926E8}.Release|ARM64.Build.0 = Release|ARM64
		{05D91D58-B963-4D20-9390-9F979A0926E8}.Release|ARM64.Deploy.0 = Release|ARM64
		{05D91D58-B963-4D20-9390-9F979A0926E8}.Release|x64.ActiveCfg = Release|x64
		{05D91D58-B963-4D20-9390-9F979A0926E8}.Release|x64.Build.0 = Release|x64
		{05D91D58-B963-4D20-9390-9F979A0926E8}.Release|x64.Deploy.0 = Release|x64
		{05D91D58-B963-4D20-9390-9F979A0926E8}.Release|x86.ActiveCfg = Release|x86
		{05D91D58-B963-4D20-9390-9F979A0926E8}.Release|x86.Build.0 = Release|x86
		{05D91D58-B963-4D20-9390-9F979A0926E8}.Release|x86.Deploy.0 = Release|x86
	EndGlobalSection
	GlobalSection(SolutionProperties) = preSolution
		HideSolutionNode = FALSE
	EndGlobalSection
	GlobalSection(ExtensibilityGlobals) = postSolution
		SolutionGuid = {A0E19813-BE73-4A31-8A11-9F5DC3613EAB}
	EndGlobalSection
EndGlobal
